
Microsoft Visual Studio Solution File, Format Version 12.00
# Visual Studio Version 16
VisualStudioVersion = 16.0.31402.337
MinimumVisualStudioVersion = 10.0.40219.1
Project("{FAE04EC0-301F-11D3-BF4B-00C04F79EFBC}") = "BazaZaginionych", "BazaZaginionych\BazaZaginionych.csproj", "{599052B0-73E5-4B93-8314-42C2CC55DC6C}"
EndProject
Global
	GlobalSection(SolutionConfigurationPlatforms) = preSolution
		Debug|Any CPU = Debug|Any CPU
		Release|Any CPU = Release|Any CPU
	EndGlobalSection
	GlobalSection(ProjectConfigurationPlatforms) = postSolution
		{599052B0-73E5-4B93-8314-42C2CC55DC6C}.Debug|Any CPU.ActiveCfg = Debug|Any CPU
		{599052B0-73E5-4B93-8314-42C2CC55DC6C}.Debug|Any CPU.Build.0 = Debug|Any CPU
		{599052B0-73E5-4B93-8314-42C2CC55DC6C}.Release|Any CPU.ActiveCfg = Release|Any CPU
		{599052B0-73E5-4B93-8314-42C2CC55DC6C}.Release|Any CPU.Build.0 = Release|Any CPU
	EndGlobalSection
	GlobalSection(SolutionProperties) = preSolution
		HideSolutionNode = FALSE
	EndGlobalSection
	GlobalSection(ExtensibilityGlobals) = postSolution
		SolutionGuid = {DE28700B-BEEB-43A4-8960-C69804946805}
	EndGlobalSection
EndGlobal
